// !$*UTF8*$!
{
	archiveVersion = 1;
	classes = {
	};
	objectVersion = 50;
	objects = {

/* Begin PBXBuildFile section */
		636B747E25F9DBA500220C80 /* AppDelegate.swift in Sources */ = {isa = PBXBuildFile; fileRef = 636B747D25F9DBA500220C80 /* AppDelegate.swift */; };
		636B748025F9DBA500220C80 /* SceneDelegate.swift in Sources */ = {isa = PBXBuildFile; fileRef = 636B747F25F9DBA500220C80 /* SceneDelegate.swift */; };
		636B748225F9DBA500220C80 /* ViewController.swift in Sources */ = {isa = PBXBuildFile; fileRef = 636B748125F9DBA500220C80 /* ViewController.swift */; };
		636B748525F9DBA500220C80 /* Main.storyboard in Resources */ = {isa = PBXBuildFile; fileRef = 636B748325F9DBA500220C80 /* Main.storyboard */; };
		636B748725F9DBA700220C80 /* Assets.xcassets in Resources */ = {isa = PBXBuildFile; fileRef = 636B748625F9DBA700220C80 /* Assets.xcassets */; };
		636B748A25F9DBA700220C80 /* LaunchScreen.storyboard in Resources */ = {isa = PBXBuildFile; fileRef = 636B748825F9DBA700220C80 /* LaunchScreen.storyboard */; };
		636B749B25F9DBC600220C80 /* CellConfigurator.swift in Sources */ = {isa = PBXBuildFile; fileRef = 636B749225F9DBC600220C80 /* CellConfigurator.swift */; };
		636B749C25F9DBC600220C80 /* BlogCell.swift in Sources */ = {isa = PBXBuildFile; fileRef = 636B749325F9DBC600220C80 /* BlogCell.swift */; };
		636B749D25F9DBC600220C80 /* BlogCell.xib in Resources */ = {isa = PBXBuildFile; fileRef = 636B749425F9DBC600220C80 /* BlogCell.xib */; };
		636B749F25F9DBC600220C80 /* FeedListPresenter.swift in Sources */ = {isa = PBXBuildFile; fileRef = 636B749625F9DBC600220C80 /* FeedListPresenter.swift */; };
		636B74A025F9DBC600220C80 /* NewUserCell.xib in Resources */ = {isa = PBXBuildFile; fileRef = 636B749725F9DBC600220C80 /* NewUserCell.xib */; };
		636B74A125F9DBC600220C80 /* NewUserCell.swift in Sources */ = {isa = PBXBuildFile; fileRef = 636B749825F9DBC600220C80 /* NewUserCell.swift */; };
		636B74A225F9DBC600220C80 /* ArticleCell.xib in Resources */ = {isa = PBXBuildFile; fileRef = 636B749925F9DBC600220C80 /* ArticleCell.xib */; };
		636B74A325F9DBC600220C80 /* ArticleCell.swift in Sources */ = {isa = PBXBuildFile; fileRef = 636B749A25F9DBC600220C80 /* ArticleCell.swift */; };
		636B74A725F9DC2C00220C80 /* FeedListViewController.swift in Sources */ = {isa = PBXBuildFile; fileRef = 636B74A625F9DC2C00220C80 /* FeedListViewController.swift */; };
/* End PBXBuildFile section */

/* Begin PBXFileReference section */
		636B747A25F9DBA500220C80 /* TestFeedCodeGen.app */ = {isa = PBXFileReference; explicitFileType = wrapper.application; includeInIndex = 0; path = TestFeedCodeGen.app; sourceTree = BUILT_PRODUCTS_DIR; };
		636B747D25F9DBA500220C80 /* AppDelegate.swift */ = {isa = PBXFileReference; lastKnownFileType = sourcecode.swift; path = AppDelegate.swift; sourceTree = "<group>"; };
		636B747F25F9DBA500220C80 /* SceneDelegate.swift */ = {isa = PBXFileReference; lastKnownFileType = sourcecode.swift; path = SceneDelegate.swift; sourceTree = "<group>"; };
		636B748125F9DBA500220C80 /* ViewController.swift */ = {isa = PBXFileReference; lastKnownFileType = sourcecode.swift; path = ViewController.swift; sourceTree = "<group>"; };
		636B748425F9DBA500220C80 /* Base */ = {isa = PBXFileReference; lastKnownFileType = file.storyboard; name = Base; path = Base.lproj/Main.storyboard; sourceTree = "<group>"; };
		636B748625F9DBA700220C80 /* Assets.xcassets */ = {isa = PBXFileReference; lastKnownFileType = folder.assetcatalog; path = Assets.xcassets; sourceTree = "<group>"; };
		636B748925F9DBA700220C80 /* Base */ = {isa = PBXFileReference; lastKnownFileType = file.storyboard; name = Base; path = Base.lproj/LaunchScreen.storyboard; sourceTree = "<group>"; };
		636B748B25F9DBA700220C80 /* Info.plist */ = {isa = PBXFileReference; lastKnownFileType = text.plist.xml; path = Info.plist; sourceTree = "<group>"; };
		636B749225F9DBC600220C80 /* CellConfigurator.swift */ = {isa = PBXFileReference; fileEncoding = 4; lastKnownFileType = sourcecode.swift; path = CellConfigurator.swift; sourceTree = "<group>"; };
		636B749325F9DBC600220C80 /* BlogCell.swift */ = {isa = PBXFileReference; fileEncoding = 4; lastKnownFileType = sourcecode.swift; path = BlogCell.swift; sourceTree = "<group>"; };
		636B749425F9DBC600220C80 /* BlogCell.xib */ = {isa = PBXFileReference; fileEncoding = 4; lastKnownFileType = file.xib; path = BlogCell.xib; sourceTree = "<group>"; };
		636B749625F9DBC600220C80 /* FeedListPresenter.swift */ = {isa = PBXFileReference; fileEncoding = 4; lastKnownFileType = sourcecode.swift; path = FeedListPresenter.swift; sourceTree = "<group>"; };
		636B749725F9DBC600220C80 /* NewUserCell.xib */ = {isa = PBXFileReference; fileEncoding = 4; lastKnownFileType = file.xib; path = NewUserCell.xib; sourceTree = "<group>"; };
		636B749825F9DBC600220C80 /* NewUserCell.swift */ = {isa = PBXFileReference; fileEncoding = 4; lastKnownFileType = sourcecode.swift; path = NewUserCell.swift; sourceTree = "<group>"; };
		636B749925F9DBC600220C80 /* ArticleCell.xib */ = {isa = PBXFileReference; fileEncoding = 4; lastKnownFileType = file.xib; path = ArticleCell.xib; sourceTree = "<group>"; };
		636B749A25F9DBC600220C80 /* ArticleCell.swift */ = {isa = PBXFileReference; fileEncoding = 4; lastKnownFileType = sourcecode.swift; path = ArticleCell.swift; sourceTree = "<group>"; };
		636B74A625F9DC2C00220C80 /* FeedListViewController.swift */ = {isa = PBXFileReference; fileEncoding = 4; lastKnownFileType = sourcecode.swift; path = FeedListViewController.swift; sourceTree = "<group>"; };
/* End PBXFileReference section */

/* Begin PBXFrameworksBuildPhase section */
		636B747725F9DBA500220C80 /* Frameworks */ = {
			isa = PBXFrameworksBuildPhase;
			buildActionMask = 2147483647;
			files = (
			);
			runOnlyForDeploymentPostprocessing = 0;
		};
/* End PBXFrameworksBuildPhase section */

/* Begin PBXGroup section */
		636B747125F9DBA500220C80 = {
			isa = PBXGroup;
			children = (
				636B747C25F9DBA500220C80 /* TestFeedCodeGen */,
				636B747B25F9DBA500220C80 /* Products */,
			);
			sourceTree = "<group>";
		};
		636B747B25F9DBA500220C80 /* Products */ = {
			isa = PBXGroup;
			children = (
				636B747A25F9DBA500220C80 /* TestFeedCodeGen.app */,
			);
			name = Products;
			sourceTree = "<group>";
		};
		636B747C25F9DBA500220C80 /* TestFeedCodeGen */ = {
			isa = PBXGroup;
			children = (
				636B747D25F9DBA500220C80 /* AppDelegate.swift */,
				636B747F25F9DBA500220C80 /* SceneDelegate.swift */,
				636B749A25F9DBC600220C80 /* ArticleCell.swift */,
				636B749925F9DBC600220C80 /* ArticleCell.xib */,
				636B749325F9DBC600220C80 /* BlogCell.swift */,
				636B749425F9DBC600220C80 /* BlogCell.xib */,
				636B74A625F9DC2C00220C80 /* FeedListViewController.swift */,
				636B749225F9DBC600220C80 /* CellConfigurator.swift */,
				636B749625F9DBC600220C80 /* FeedListPresenter.swift */,
				636B749825F9DBC600220C80 /* NewUserCell.swift */,
				636B749725F9DBC600220C80 /* NewUserCell.xib */,
				636B748125F9DBA500220C80 /* ViewController.swift */,
				636B748325F9DBA500220C80 /* Main.storyboard */,
				636B748625F9DBA700220C80 /* Assets.xcassets */,
				636B748825F9DBA700220C80 /* LaunchScreen.storyboard */,
				636B748B25F9DBA700220C80 /* Info.plist */,
			);
			path = TestFeedCodeGen;
			sourceTree = "<group>";
		};
/* End PBXGroup section */

/* Begin PBXNativeTarget section */
		636B747925F9DBA500220C80 /* TestFeedCodeGen */ = {
			isa = PBXNativeTarget;
			buildConfigurationList = 636B748E25F9DBA700220C80 /* Build configuration list for PBXNativeTarget "TestFeedCodeGen" */;
			buildPhases = (
				636B747625F9DBA500220C80 /* Sources */,
				636B747725F9DBA500220C80 /* Frameworks */,
				636B747825F9DBA500220C80 /* Resources */,
			);
			buildRules = (
			);
			dependencies = (
			);
			name = TestFeedCodeGen;
			productName = TestFeedCodeGen;
			productReference = 636B747A25F9DBA500220C80 /* TestFeedCodeGen.app */;
			productType = "com.apple.product-type.application";
		};
/* End PBXNativeTarget section */

/* Begin PBXProject section */
		636B747225F9DBA500220C80 /* Project object */ = {
			isa = PBXProject;
			attributes = {
				LastSwiftUpdateCheck = 1240;
				LastUpgradeCheck = 1240;
				TargetAttributes = {
					636B747925F9DBA500220C80 = {
						CreatedOnToolsVersion = 12.4;
					};
				};
			};
			buildConfigurationList = 636B747525F9DBA500220C80 /* Build configuration list for PBXProject "TestFeedCodeGen" */;
			compatibilityVersion = "Xcode 9.3";
			developmentRegion = en;
			hasScannedForEncodings = 0;
			knownRegions = (
				en,
				Base,
			);
			mainGroup = 636B747125F9DBA500220C80;
			productRefGroup = 636B747B25F9DBA500220C80 /* Products */;
			projectDirPath = "";
			projectRoot = "";
			targets = (
				636B747925F9DBA500220C80 /* TestFeedCodeGen */,
			);
		};
/* End PBXProject section */

/* Begin PBXResourcesBuildPhase section */
		636B747825F9DBA500220C80 /* Resources */ = {
			isa = PBXResourcesBuildPhase;
			buildActionMask = 2147483647;
			files = (
				636B748A25F9DBA700220C80 /* LaunchScreen.storyboard in Resources */,
				636B749D25F9DBC600220C80 /* BlogCell.xib in Resources */,
				636B748725F9DBA700220C80 /* Assets.xcassets in Resources */,
				636B748525F9DBA500220C80 /* Main.storyboard in Resources */,
				636B74A225F9DBC600220C80 /* ArticleCell.xib in Resources */,
				636B74A025F9DBC600220C80 /* NewUserCell.xib in Resources */,
			);
			runOnlyForDeploymentPostprocessing = 0;
		};
/* End PBXResourcesBuildPhase section */

/* Begin PBXSourcesBuildPhase section */
		636B747625F9DBA500220C80 /* Sources */ = {
			isa = PBXSourcesBuildPhase;
			buildActionMask = 2147483647;
			files = (
				636B749B25F9DBC600220C80 /* CellConfigurator.swift in Sources */,
				636B749F25F9DBC600220C80 /* FeedListPresenter.swift in Sources */,
				636B748225F9DBA500220C80 /* ViewController.swift in Sources */,
				636B747E25F9DBA500220C80 /* AppDelegate.swift in Sources */,
				636B74A325F9DBC600220C80 /* ArticleCell.swift in Sources */,
				636B74A125F9DBC600220C80 /* NewUserCell.swift in Sources */,
				636B74A725F9DC2C00220C80 /* FeedListViewController.swift in Sources */,
				636B749C25F9DBC600220C80 /* BlogCell.swift in Sources */,
				636B748025F9DBA500220C80 /* SceneDelegate.swift in Sources */,
			);
			runOnlyForDeploymentPostprocessing = 0;
		};
/* End PBXSourcesBuildPhase section */

/* Begin PBXVariantGroup section */
		636B748325F9DBA500220C80 /* Main.storyboard */ = {
			isa = PBXVariantGroup;
			children = (
				636B748425F9DBA500220C80 /* Base */,
			);
			name = Main.storyboard;
			sourceTree = "<group>";
		};
		636B748825F9DBA700220C80 /* LaunchScreen.storyboard */ = {
			isa = PBXVariantGroup;
			children = (
				636B748925F9DBA700220C80 /* Base */,
			);
			name = LaunchScreen.storyboard;
			sourceTree = "<group>";
		};
/* End PBXVariantGroup section */

/* Begin XCBuildConfiguration section */
		636B748C25F9DBA700220C80 /* Debug */ = {
			isa = XCBuildConfiguration;
			buildSettings = {
				ALWAYS_SEARCH_USER_PATHS = NO;
				CLANG_ANALYZER_NONNULL = YES;
				CLANG_ANALYZER_NUMBER_OBJECT_CONVERSION = YES_AGGRESSIVE;
				CLANG_CXX_LANGUAGE_STANDARD = "gnu++14";
				CLANG_CXX_LIBRARY = "libc++";
				CLANG_ENABLE_MODULES = YES;
				CLANG_ENABLE_OBJC_ARC = YES;
				CLANG_ENABLE_OBJC_WEAK = YES;
				CLANG_WARN_BLOCK_CAPTURE_AUTORELEASING = YES;
				CLANG_WARN_BOOL_CONVERSION = YES;
				CLANG_WARN_COMMA = YES;
				CLANG_WARN_CONSTANT_CONVERSION = YES;
				CLANG_WARN_DEPRECATED_OBJC_IMPLEMENTATIONS = YES;
				CLANG_WARN_DIRECT_OBJC_ISA_USAGE = YES_ERROR;
				CLANG_WARN_DOCUMENTATION_COMMENTS = YES;
				CLANG_WARN_EMPTY_BODY = YES;
				CLANG_WARN_ENUM_CONVERSION = YES;
				CLANG_WARN_INFINITE_RECURSION = YES;
				CLANG_WARN_INT_CONVERSION = YES;
				CLANG_WARN_NON_LITERAL_NULL_CONVERSION = YES;
				CLANG_WARN_OBJC_IMPLICIT_RETAIN_SELF = YES;
				CLANG_WARN_OBJC_LITERAL_CONVERSION = YES;
				CLANG_WARN_OBJC_ROOT_CLASS = YES_ERROR;
				CLANG_WARN_QUOTED_INCLUDE_IN_FRAMEWORK_HEADER = YES;
				CLANG_WARN_RANGE_LOOP_ANALYSIS = YES;
				CLANG_WARN_STRICT_PROTOTYPES = YES;
				CLANG_WARN_SUSPICIOUS_MOVE = YES;
				CLANG_WARN_UNGUARDED_AVAILABILITY = YES_AGGRESSIVE;
				CLANG_WARN_UNREACHABLE_CODE = YES;
				CLANG_WARN__DUPLICATE_METHOD_MATCH = YES;
				COPY_PHASE_STRIP = NO;
				DEBUG_INFORMATION_FORMAT = dwarf;
				ENABLE_STRICT_OBJC_MSGSEND = YES;
				ENABLE_TESTABILITY = YES;
				GCC_C_LANGUAGE_STANDARD = gnu11;
				GCC_DYNAMIC_NO_PIC = NO;
				GCC_NO_COMMON_BLOCKS = YES;
				GCC_OPTIMIZATION_LEVEL = 0;
				GCC_PREPROCESSOR_DEFINITIONS = (
					"DEBUG=1",
					"$(inherited)",
				);
				GCC_WARN_64_TO_32_BIT_CONVERSION = YES;
				GCC_WARN_ABOUT_RETURN_TYPE = YES_ERROR;
				GCC_WARN_UNDECLARED_SELECTOR = YES;
				GCC_WARN_UNINITIALIZED_AUTOS = YES_AGGRESSIVE;
				GCC_WARN_UNUSED_FUNCTION = YES;
				GCC_WARN_UNUSED_VARIABLE = YES;
				IPHONEOS_DEPLOYMENT_TARGET = 14.4;
				MTL_ENABLE_DEBUG_INFO = INCLUDE_SOURCE;
				MTL_FAST_MATH = YES;
				ONLY_ACTIVE_ARCH = YES;
				SDKROOT = iphoneos;
				SWIFT_ACTIVE_COMPILATION_CONDITIONS = DEBUG;
				SWIFT_OPTIMIZATION_LEVEL = "-Onone";
			};
			name = Debug;
		};
		636B748D25F9DBA700220C80 /* Release */ = {
			isa = XCBuildConfiguration;
			buildSettings = {
				ALWAYS_SEARCH_USER_PATHS = NO;
				CLANG_ANALYZER_NONNULL = YES;
				CLANG_ANALYZER_NUMBER_OBJECT_CONVERSION = YES_AGGRESSIVE;
				CLANG_CXX_LANGUAGE_STANDARD = "gnu++14";
				CLANG_CXX_LIBRARY = "libc++";
				CLANG_ENABLE_MODULES = YES;
				CLANG_ENABLE_OBJC_ARC = YES;
				CLANG_ENABLE_OBJC_WEAK = YES;
				CLANG_WARN_BLOCK_CAPTURE_AUTORELEASING = YES;
				CLANG_WARN_BOOL_CONVERSION = YES;
				CLANG_WARN_COMMA = YES;
				CLANG_WARN_CONSTANT_CONVERSION = YES;
				CLANG_WARN_DEPRECATED_OBJC_IMPLEMENTATIONS = YES;
				CLANG_WARN_DIRECT_OBJC_ISA_USAGE = YES_ERROR;
				CLANG_WARN_DOCUMENTATION_COMMENTS = YES;
				CLANG_WARN_EMPTY_BODY = YES;
				CLANG_WARN_ENUM_CONVERSION = YES;
				CLANG_WARN_INFINITE_RECURSION = YES;
				CLANG_WARN_INT_CONVERSION = YES;
				CLANG_WARN_NON_LITERAL_NULL_CONVERSION = YES;
				CLANG_WARN_OBJC_IMPLICIT_RETAIN_SELF = YES;
				CLANG_WARN_OBJC_LITERAL_CONVERSION = YES;
				CLANG_WARN_OBJC_ROOT_CLASS = YES_ERROR;
				CLANG_WARN_QUOTED_INCLUDE_IN_FRAMEWORK_HEADER = YES;
				CLANG_WARN_RANGE_LOOP_ANALYSIS = YES;
				CLANG_WARN_STRICT_PROTOTYPES = YES;
				CLANG_WARN_SUSPICIOUS_MOVE = YES;
				CLANG_WARN_UNGUARDED_AVAILABILITY = YES_AGGRESSIVE;
				CLANG_WARN_UNREACHABLE_CODE = YES;
				CLANG_WARN__DUPLICATE_METHOD_MATCH = YES;
				COPY_PHASE_STRIP = NO;
				DEBUG_INFORMATION_FORMAT = "dwarf-with-dsym";
				ENABLE_NS_ASSERTIONS = NO;
				ENABLE_STRICT_OBJC_MSGSEND = YES;
				GCC_C_LANGUAGE_STANDARD = gnu11;
				GCC_NO_COMMON_BLOCKS = YES;
				GCC_WARN_64_TO_32_BIT_CONVERSION = YES;
				GCC_WARN_ABOUT_RETURN_TYPE = YES_ERROR;
				GCC_WARN_UNDECLARED_SELECTOR = YES;
				GCC_WARN_UNINITIALIZED_AUTOS = YES_AGGRESSIVE;
				GCC_WARN_UNUSED_FUNCTION = YES;
				GCC_WARN_UNUSED_VARIABLE = YES;
				IPHONEOS_DEPLOYMENT_TARGET = 14.4;
				MTL_ENABLE_DEBUG_INFO = NO;
				MTL_FAST_MATH = YES;
				SDKROOT = iphoneos;
				SWIFT_COMPILATION_MODE = wholemodule;
				SWIFT_OPTIMIZATION_LEVEL = "-O";
				VALIDATE_PRODUCT = YES;
			};
			name = Release;
		};
		636B748F25F9DBA700220C80 /* Debug */ = {
			isa = XCBuildConfiguration;
			buildSettings = {
				ASSETCATALOG_COMPILER_APPICON_NAME = AppIcon;
				ASSETCATALOG_COMPILER_GLOBAL_ACCENT_COLOR_NAME = AccentColor;
				CODE_SIGN_STYLE = Automatic;
				DEVELOPMENT_TEAM = 6W9A999JNH;
				INFOPLIST_FILE = TestFeedCodeGen/Info.plist;
				LD_RUNPATH_SEARCH_PATHS = (
					"$(inherited)",
					"@executable_path/Frameworks",
				);
				PRODUCT_BUNDLE_IDENTIFIER = app.talentconnect.TestFeedCodeGen;
				PRODUCT_NAME = "$(TARGET_NAME)";
				SWIFT_VERSION = 5.0;
				TARGETED_DEVICE_FAMILY = "1,2";
			};
			name = Debug;
		};
		636B749025F9DBA700220C80 /* Release */ = {
			isa = XCBuildConfiguration;
			buildSettings = {
				ASSETCATALOG_COMPILER_APPICON_NAME = AppIcon;
				ASSETCATALOG_COMPILER_GLOBAL_ACCENT_COLOR_NAME = AccentColor;
				CODE_SIGN_STYLE = Automatic;
				DEVELOPMENT_TEAM = 6W9A999JNH;
				INFOPLIST_FILE = TestFeedCodeGen/Info.plist;
				LD_RUNPATH_SEARCH_PATHS = (
					"$(inherited)",
					"@executable_path/Frameworks",
				);
				PRODUCT_BUNDLE_IDENTIFIER = app.talentconnect.TestFeedCodeGen;
				PRODUCT_NAME = "$(TARGET_NAME)";
				SWIFT_VERSION = 5.0;
				TARGETED_DEVICE_FAMILY = "1,2";
			};
			name = Release;
		};
/* End XCBuildConfiguration section */

/* Begin XCConfigurationList section */
		636B747525F9DBA500220C80 /* Build configuration list for PBXProject "TestFeedCodeGen" */ = {
			isa = XCConfigurationList;
			buildConfigurations = (
				636B748C25F9DBA700220C80 /* Debug */,
				636B748D25F9DBA700220C80 /* Release */,
			);
			defaultConfigurationIsVisible = 0;
			defaultConfigurationName = Release;
		};
		636B748E25F9DBA700220C80 /* Build configuration list for PBXNativeTarget "TestFeedCodeGen" */ = {
			isa = XCConfigurationList;
			buildConfigurations = (
				636B748F25F9DBA700220C80 /* Debug */,
				636B749025F9DBA700220C80 /* Release */,
			);
			defaultConfigurationIsVisible = 0;
			defaultConfigurationName = Release;
		};
/* End XCConfigurationList section */
	};
	rootObject = 636B747225F9DBA500220C80 /* Project object */;
}
